
Microsoft Visual Studio Solution File, Format Version 12.00
# Visual Studio Version 18
VisualStudioVersion = 18.6.11819.183 stable
MinimumVisualStudioVersion = 10.0.40219.1
Project("{FAE04EC0-301F-11D3-BF4B-00C04F79EFBC}") = "MVC", "MVC\MVC.csproj", "{40A8D9A0-BC7E-4733-B328-87B229832DCC}"
EndProject
Global
	GlobalSection(SolutionConfigurationPlatforms) = preSolution
		Debug|Any CPU = Debug|Any CPU
		Release|Any CPU = Release|Any CPU
	EndGlobalSection
	GlobalSection(ProjectConfigurationPlatforms) = postSolution
		{40A8D9A0-BC7E-4733-B328-87B229832DCC}.Debug|Any CPU.ActiveCfg = Debug|Any CPU
		{40A8D9A0-BC7E-4733-B328-87B229832DCC}.Debug|Any CPU.Build.0 = Debug|Any CPU
		{40A8D9A0-BC7E-4733-B328-87B229832DCC}.Release|Any CPU.ActiveCfg = Release|Any CPU
		{40A8D9A0-BC7E-4733-B328-87B229832DCC}.Release|Any CPU.Build.0 = Release|Any CPU
	EndGlobalSection
	GlobalSection(SolutionProperties) = preSolution
		HideSolutionNode = FALSE
	EndGlobalSection
	GlobalSection(ExtensibilityGlobals) = postSolution
		SolutionGuid = {2AEA7EB9-5596-424F-9D4A-51CA6FFF9C22}
	EndGlobalSection
EndGlobal
